
Microsoft Visual Studio Solution File, Format Version 12.00
# Visual Studio 15
VisualStudioVersion = 15.0.28307.168
MinimumVisualStudioVersion = 10.0.40219.1
Project("{FAE04EC0-301F-11D3-BF4B-00C04F79EFBC}") = "WeatherApp", "WeatherApp\WeatherApp.csproj", "{B268316A-FDD7-4F72-A36B-5BD0604C7D68}"
EndProject
Global
	GlobalSection(SolutionConfigurationPlatforms) = preSolution
		Debug|Any CPU = Debug|Any CPU
		Release|Any CPU = Release|Any CPU
	EndGlobalSection
	GlobalSection(ProjectConfigurationPlatforms) = postSolution
		{B268316A-FDD7-4F72-A36B-5BD0604C7D68}.Debug|Any CPU.ActiveCfg = Debug|Any CPU
		{B268316A-FDD7-4F72-A36B-5BD0604C7D68}.Debug|Any CPU.Build.0 = Debug|Any CPU
		{B268316A-FDD7-4F72-A36B-5BD0604C7D68}.Release|Any CPU.ActiveCfg = Release|Any CPU
		{B268316A-FDD7-4F72-A36B-5BD0604C7D68}.Release|Any CPU.Build.0 = Release|Any CPU
	EndGlobalSection
	GlobalSection(SolutionProperties) = preSolution
		HideSolutionNode = FALSE
	EndGlobalSection
	GlobalSection(ExtensibilityGlobals) = postSolution
		SolutionGuid = {0A0BE702-C163-4A8E-AE9E-0A5DBBB6BF90}
	EndGlobalSection
EndGlobal
